
Microsoft Visual Studio Solution File, Format Version 12.00
# Visual Studio Version 17
VisualStudioVersion = 17.6.33815.320
MinimumVisualStudioVersion = 10.0.40219.1
Project("{FAE04EC0-301F-11D3-BF4B-00C04F79EFBC}") = "ChallengeApp", "ChallengeApp\ChallengeApp.csproj", "{B2222E53-E330-43EC-9F50-7D581B2E2980}"
EndProject
Global
	GlobalSection(SolutionConfigurationPlatforms) = preSolution
		Debug|Any CPU = Debug|Any CPU
		Release|Any CPU = Release|Any CPU
	EndGlobalSection
	GlobalSection(ProjectConfigurationPlatforms) = postSolution
		{B2222E53-E330-43EC-9F50-7D581B2E2980}.Debug|Any CPU.ActiveCfg = Debug|Any CPU
		{B2222E53-E330-43EC-9F50-7D581B2E2980}.Debug|Any CPU.Build.0 = Debug|Any CPU
		{B2222E53-E330-43EC-9F50-7D581B2E2980}.Release|Any CPU.ActiveCfg = Release|Any CPU
		{B2222E53-E330-43EC-9F50-7D581B2E2980}.Release|Any CPU.Build.0 = Release|Any CPU
	EndGlobalSection
	GlobalSection(SolutionProperties) = preSolution
		HideSolutionNode = FALSE
	EndGlobalSection
	GlobalSection(ExtensibilityGlobals) = postSolution
		SolutionGuid = {C1E604EA-4D1B-4672-A666-E10F75A925EB}
	EndGlobalSection
EndGlobal
